
Microsoft Visual Studio Solution File, Format Version 12.00
# Visual Studio Version 16
VisualStudioVersion = 16.0.29519.87
MinimumVisualStudioVersion = 10.0.40219.1
Project("{FAE04EC0-301F-11D3-BF4B-00C04F79EFBC}") = "RectangleApp", "RectangleApp\RectangleApp.csproj", "{B87BDDB3-06BB-4F7B-B89E-4925668CDEAC}"
EndProject
Global
	GlobalSection(SolutionConfigurationPlatforms) = preSolution
		Debug|Any CPU = Debug|Any CPU
		Release|Any CPU = Release|Any CPU
	EndGlobalSection
	GlobalSection(ProjectConfigurationPlatforms) = postSolution
		{B87BDDB3-06BB-4F7B-B89E-4925668CDEAC}.Debug|Any CPU.ActiveCfg = Debug|Any CPU
		{B87BDDB3-06BB-4F7B-B89E-4925668CDEAC}.Debug|Any CPU.Build.0 = Debug|Any CPU
		{B87BDDB3-06BB-4F7B-B89E-4925668CDEAC}.Release|Any CPU.ActiveCfg = Release|Any CPU
		{B87BDDB3-06BB-4F7B-B89E-4925668CDEAC}.Release|Any CPU.Build.0 = Release|Any CPU
	EndGlobalSection
	GlobalSection(SolutionProperties) = preSolution
		HideSolutionNode = FALSE
	EndGlobalSection
	GlobalSection(ExtensibilityGlobals) = postSolution
		SolutionGuid = {9092FB64-5F8A-4728-81D3-78E253C944C8}
	EndGlobalSection
EndGlobal
