
Microsoft Visual Studio Solution File, Format Version 12.00
# Visual Studio Version 16
VisualStudioVersion = 16.0.29519.87
MinimumVisualStudioVersion = 10.0.40219.1
Project("{FAE04EC0-301F-11D3-BF4B-00C04F79EFBC}") = "AccountApp", "AccountApp\AccountApp.csproj", "{B94ADF7A-D554-44E4-98CF-5AA8EE1D3088}"
EndProject
Global
	GlobalSection(SolutionConfigurationPlatforms) = preSolution
		Debug|Any CPU = Debug|Any CPU
		Release|Any CPU = Release|Any CPU
	EndGlobalSection
	GlobalSection(ProjectConfigurationPlatforms) = postSolution
		{B94ADF7A-D554-44E4-98CF-5AA8EE1D3088}.Debug|Any CPU.ActiveCfg = Debug|Any CPU
		{B94ADF7A-D554-44E4-98CF-5AA8EE1D3088}.Debug|Any CPU.Build.0 = Debug|Any CPU
		{B94ADF7A-D554-44E4-98CF-5AA8EE1D3088}.Release|Any CPU.ActiveCfg = Release|Any CPU
		{B94ADF7A-D554-44E4-98CF-5AA8EE1D3088}.Release|Any CPU.Build.0 = Release|Any CPU
	EndGlobalSection
	GlobalSection(SolutionProperties) = preSolution
		HideSolutionNode = FALSE
	EndGlobalSection
	GlobalSection(ExtensibilityGlobals) = postSolution
		SolutionGuid = {B49AAF62-365F-449D-A1A8-8337F79E1DF0}
	EndGlobalSection
EndGlobal
