
Microsoft Visual Studio Solution File, Format Version 12.00
# Visual Studio Version 16
VisualStudioVersion = 16.0.29519.87
MinimumVisualStudioVersion = 10.0.40219.1
Project("{FAE04EC0-301F-11D3-BF4B-00C04F79EFBC}") = "WelcomeApp2", "WelcomeApp2\WelcomeApp2.csproj", "{5AC40B4C-E7EF-4435-9C62-3CFA38CA8853}"
EndProject
Global
	GlobalSection(SolutionConfigurationPlatforms) = preSolution
		Debug|Any CPU = Debug|Any CPU
		Release|Any CPU = Release|Any CPU
	EndGlobalSection
	GlobalSection(ProjectConfigurationPlatforms) = postSolution
		{5AC40B4C-E7EF-4435-9C62-3CFA38CA8853}.Debug|Any CPU.ActiveCfg = Debug|Any CPU
		{5AC40B4C-E7EF-4435-9C62-3CFA38CA8853}.Debug|Any CPU.Build.0 = Debug|Any CPU
		{5AC40B4C-E7EF-4435-9C62-3CFA38CA8853}.Release|Any CPU.ActiveCfg = Release|Any CPU
		{5AC40B4C-E7EF-4435-9C62-3CFA38CA8853}.Release|Any CPU.Build.0 = Release|Any CPU
	EndGlobalSection
	GlobalSection(SolutionProperties) = preSolution
		HideSolutionNode = FALSE
	EndGlobalSection
	GlobalSection(ExtensibilityGlobals) = postSolution
		SolutionGuid = {2BAB0F19-588B-4EAF-A0CC-E96D1A94B537}
	EndGlobalSection
EndGlobal
